
Microsoft Visual Studio Solution File, Format Version 12.00
# Visual Studio 15
VisualStudioVersion = 15.0.27004.2008
MinimumVisualStudioVersion = 10.0.40219.1
Project("{8BC9CEB8-8B4A-11D0-8D11-00A0C91BC942}") = "BinaryPuzzle", "BinaryPuzzle.vcxproj", "{195617E5-4325-41FF-8229-F6AD95560348}"
EndProject
Global
	GlobalSection(SolutionConfigurationPlatforms) = preSolution
		Debug|x64 = Debug|x64
		Debug|x86 = Debug|x86
		Release|x64 = Release|x64
		Release|x86 = Release|x86
	EndGlobalSection
	GlobalSection(ProjectConfigurationPlatforms) = postSolution
		{195617E5-4325-41FF-8229-F6AD95560348}.Debug|x64.ActiveCfg = Debug|x64
		{195617E5-4325-41FF-8229-F6AD95560348}.Debug|x64.Build.0 = Debug|x64
		{195617E5-4325-41FF-8229-F6AD95560348}.Debug|x86.ActiveCfg = Debug|Win32
		{195617E5-4325-41FF-8229-F6AD95560348}.Debug|x86.Build.0 = Debug|Win32
		{195617E5-4325-41FF-8229-F6AD95560348}.Release|x64.ActiveCfg = Release|x64
		{195617E5-4325-41FF-8229-F6AD95560348}.Release|x64.Build.0 = Release|x64
		{195617E5-4325-41FF-8229-F6AD95560348}.Release|x86.ActiveCfg = Release|Win32
		{195617E5-4325-41FF-8229-F6AD95560348}.Release|x86.Build.0 = Release|Win32
	EndGlobalSection
	GlobalSection(SolutionProperties) = preSolution
		HideSolutionNode = FALSE
	EndGlobalSection
	GlobalSection(ExtensibilityGlobals) = postSolution
		SolutionGuid = {D0515DA3-532C-4610-8A90-A87829F8506A}
	EndGlobalSection
EndGlobal
